
Microsoft Visual Studio Solution File, Format Version 12.00
# Visual Studio Version 17
VisualStudioVersion = 17.14.36915.13 d17.14
MinimumVisualStudioVersion = 10.0.40219.1
Project("{FAE04EC0-301F-11D3-BF4B-00C04F79EFBC}") = "AISupportAnalysisPlatform", "AISupportAnalysisPlatform.csproj", "{FCF38FD4-F36C-53B6-F75E-34D3243B165C}"
EndProject
Global
	GlobalSection(SolutionConfigurationPlatforms) = preSolution
		Debug|Any CPU = Debug|Any CPU
		Release|Any CPU = Release|Any CPU
	EndGlobalSection
	GlobalSection(ProjectConfigurationPlatforms) = postSolution
		{FCF38FD4-F36C-53B6-F75E-34D3243B165C}.Debug|Any CPU.ActiveCfg = Debug|Any CPU
		{FCF38FD4-F36C-53B6-F75E-34D3243B165C}.Debug|Any CPU.Build.0 = Debug|Any CPU
		{FCF38FD4-F36C-53B6-F75E-34D3243B165C}.Release|Any CPU.ActiveCfg = Release|Any CPU
		{FCF38FD4-F36C-53B6-F75E-34D3243B165C}.Release|Any CPU.Build.0 = Release|Any CPU
	EndGlobalSection
	GlobalSection(SolutionProperties) = preSolution
		HideSolutionNode = FALSE
	EndGlobalSection
	GlobalSection(ExtensibilityGlobals) = postSolution
		SolutionGuid = {B0690B83-0804-4E27-B382-DF299CE50007}
	EndGlobalSection
EndGlobal
